
Microsoft Visual Studio Solution File, Format Version 12.00
# Visual Studio Version 16
VisualStudioVersion = 16.0.29920.165
MinimumVisualStudioVersion = 10.0.40219.1
Project("{FAE04EC0-301F-11D3-BF4B-00C04F79EFBC}") = "SAR0083", "SAR0083.csproj", "{053A32DB-9D29-443D-8926-A28698FDC88D}"
EndProject
Global
	GlobalSection(SolutionConfigurationPlatforms) = preSolution
		Debug|Any CPU = Debug|Any CPU
		Release|Any CPU = Release|Any CPU
	EndGlobalSection
	GlobalSection(ProjectConfigurationPlatforms) = postSolution
		{053A32DB-9D29-443D-8926-A28698FDC88D}.Debug|Any CPU.ActiveCfg = Debug|Any CPU
		{053A32DB-9D29-443D-8926-A28698FDC88D}.Debug|Any CPU.Build.0 = Debug|Any CPU
		{053A32DB-9D29-443D-8926-A28698FDC88D}.Release|Any CPU.ActiveCfg = Release|Any CPU
		{053A32DB-9D29-443D-8926-A28698FDC88D}.Release|Any CPU.Build.0 = Release|Any CPU
	EndGlobalSection
	GlobalSection(SolutionProperties) = preSolution
		HideSolutionNode = FALSE
	EndGlobalSection
	GlobalSection(ExtensibilityGlobals) = postSolution
		SolutionGuid = {3C1D4302-B5A8-491A-B50D-4B8989BCF5DD}
	EndGlobalSection
EndGlobal
